{
  "name": "apache-webpack-plugin",
  "version": "0.2.0",
  "lockfileVersion": 1,
  "requires": true,
  "dependencies": {
    "apache-bridge": {
      "version": "0.3.0",
      "requires": {
        "@types/cross-spawn": "6.0.0",
        "@types/tmp": "0.0.33",
        "cross-spawn": "6.0.5",
        "tmp": "0.0.33"
      },
      "dependencies": {
        "@types/cross-spawn": {
          "version": "6.0.0",
          "bundled": true,
          "requires": {
            "@types/node": "9.4.7"
          }
        },
        "@types/node": {
          "version": "9.4.7",
          "bundled": true
        },
        "@types/tmp": {
          "version": "0.0.33",
          "bundled": true
        },
        "cross-spawn": {
          "version": "6.0.5",
          "bundled": true,
          "requires": {
            "nice-try": "1.0.4",
            "path-key": "2.0.1",
            "semver": "5.5.0",
            "shebang-command": "1.2.0",
            "which": "1.3.0"
          }
        },
        "isexe": {
          "version": "2.0.0",
          "bundled": true
        },
        "nice-try": {
          "version": "1.0.4",
          "bundled": true
        },
        "os-tmpdir": {
          "version": "1.0.2",
          "bundled": true
        },
        "path-key": {
          "version": "2.0.1",
          "bundled": true
        },
        "semver": {
          "version": "5.5.0",
          "bundled": true
        },
        "shebang-command": {
          "version": "1.2.0",
          "bundled": true,
          "requires": {
            "shebang-regex": "1.0.0"
          }
        },
        "shebang-regex": {
          "version": "1.0.0",
          "bundled": true
        },
        "tmp": {
          "version": "0.0.33",
          "bundled": true,
          "requires": {
            "os-tmpdir": "1.0.2"
          }
        },
        "typescript": {
          "version": "2.7.2",
          "bundled": true
        },
        "which": {
          "version": "1.3.0",
          "bundled": true,
          "requires": {
            "isexe": "2.0.0"
          }
        }
      }
    }
  }
}
